// !$*UTF8*$!
{
	archiveVersion = 1;
	classes = {
	};
	objectVersion = 46;
	objects = {

/* Begin PBXBuildFile section */
		393EEB551ECBE64D0058D983 /* main.m in Sources */ = {isa = PBXBuildFile; fileRef = 393EEB541ECBE64D0058D983 /* main.m */; };
		393EEB581ECBE64D0058D983 /* AppDelegate.m in Sources */ = {isa = PBXBuildFile; fileRef = 393EEB571ECBE64D0058D983 /* AppDelegate.m */; };
		393EEB5B1ECBE64D0058D983 /* ViewController.m in Sources */ = {isa = PBXBuildFile; fileRef = 393EEB5A1ECBE64D0058D983 /* ViewController.m */; };
		393EEB5E1ECBE64D0058D983 /* Main.storyboard in Resources */ = {isa = PBXBuildFile; fileRef = 393EEB5C1ECBE64D0058D983 /* Main.storyboard */; };
		393EEB601ECBE64D0058D983 /* Assets.xcassets in Resources */ = {isa = PBXBuildFile; fileRef = 393EEB5F1ECBE64D0058D983 /* Assets.xcassets */; };
		393EEB631ECBE64D0058D983 /* LaunchScreen.storyboard in Resources */ = {isa = PBXBuildFile; fileRef = 393EEB611ECBE64D0058D983 /* LaunchScreen.storyboard */; };
		39B9F1251ECBE8E000D41A45 /* FDDView.m in Sources */ = {isa = PBXBuildFile; fileRef = 39B9F1241ECBE8E000D41A45 /* FDDView.m */; };
/* End PBXBuildFile section */

/* Begin PBXFileReference section */
		393EEB501ECBE64D0058D983 /* testPod.app */ = {isa = PBXFileReference; explicitFileType = wrapper.application; includeInIndex = 0; path = testPod.app; sourceTree = BUILT_PRODUCTS_DIR; };
		393EEB541ECBE64D0058D983 /* main.m */ = {isa = PBXFileReference; lastKnownFileType = sourcecode.c.objc; path = main.m; sourceTree = "<group>"; };
		393EEB561ECBE64D0058D983 /* AppDelegate.h */ = {isa = PBXFileReference; lastKnownFileType = sourcecode.c.h; path = AppDelegate.h; sourceTree = "<group>"; };
		393EEB571ECBE64D0058D983 /* AppDelegate.m */ = {isa = PBXFileReference; lastKnownFileType = sourcecode.c.objc; path = AppDelegate.m; sourceTree = "<group>"; };
		393EEB591ECBE64D0058D983 /* ViewController.h */ = {isa = PBXFileReference; lastKnownFileType = sourcecode.c.h; path = ViewController.h; sourceTree = "<group>"; };
		393EEB5A1ECBE64D0058D983 /* ViewController.m */ = {isa = PBXFileReference; lastKnownFileType = sourcecode.c.objc; path = ViewController.m; sourceTree = "<group>"; };
		393EEB5D1ECBE64D0058D983 /* Base */ = {isa = PBXFileReference; lastKnownFileType = file.storyboard; name = Base; path = Base.lproj/Main.storyboard; sourceTree = "<group>"; };
		393EEB5F1ECBE64D0058D983 /* Assets.xcassets */ = {isa = PBXFileReference; lastKnownFileType = folder.assetcatalog; path = Assets.xcassets; sourceTree = "<group>"; };
		393EEB621ECBE64D0058D983 /* Base */ = {isa = PBXFileReference; lastKnownFileType = file.storyboard; name = Base; path = Base.lproj/LaunchScreen.storyboard; sourceTree = "<group>"; };
		393EEB641ECBE64D0058D983 /* Info.plist */ = {isa = PBXFileReference; lastKnownFileType = text.plist.xml; path = Info.plist; sourceTree = "<group>"; };
		39B9F1231ECBE8E000D41A45 /* FDDView.h */ = {isa = PBXFileReference; fileEncoding = 4; lastKnownFileType = sourcecode.c.h; path = FDDView.h; sourceTree = "<group>"; };
		39B9F1241ECBE8E000D41A45 /* FDDView.m */ = {isa = PBXFileReference; fileEncoding = 4; lastKnownFileType = sourcecode.c.objc; path = FDDView.m; sourceTree = "<group>"; };
/* End PBXFileReference section */

/* Begin PBXFrameworksBuildPhase section */
		393EEB4D1ECBE64D0058D983 /* Frameworks */ = {
			isa = PBXFrameworksBuildPhase;
			buildActionMask = 2147483647;
			files = (
			);
			runOnlyForDeploymentPostprocessing = 0;
		};
/* End PBXFrameworksBuildPhase section */

/* Begin PBXGroup section */
		393EEB471ECBE64D0058D983 = {
			isa = PBXGroup;
			children = (
				393EEB521ECBE64D0058D983 /* testPod */,
				393EEB511ECBE64D0058D983 /* Products */,
			);
			sourceTree = "<group>";
		};
		393EEB511ECBE64D0058D983 /* Products */ = {
			isa = PBXGroup;
			children = (
				393EEB501ECBE64D0058D983 /* testPod.app */,
			);
			name = Products;
			sourceTree = "<group>";
		};
		393EEB521ECBE64D0058D983 /* testPod */ = {
			isa = PBXGroup;
			children = (
				39B9F1231ECBE8E000D41A45 /* FDDView.h */,
				39B9F1241ECBE8E000D41A45 /* FDDView.m */,
				393EEB561ECBE64D0058D983 /* AppDelegate.h */,
				393EEB571ECBE64D0058D983 /* AppDelegate.m */,
				393EEB591ECBE64D0058D983 /* ViewController.h */,
				393EEB5A1ECBE64D0058D983 /* ViewController.m */,
				393EEB5C1ECBE64D0058D983 /* Main.storyboard */,
				393EEB5F1ECBE64D0058D983 /* Assets.xcassets */,
				393EEB611ECBE64D0058D983 /* LaunchScreen.storyboard */,
				393EEB641ECBE64D0058D983 /* Info.plist */,
				393EEB531ECBE64D0058D983 /* Supporting Files */,
			);
			path = testPod;
			sourceTree = "<group>";
		};
		393EEB531ECBE64D0058D983 /* Supporting Files */ = {
			isa = PBXGroup;
			children = (
				393EEB541ECBE64D0058D983 /* main.m */,
			);
			name = "Supporting Files";
			sourceTree = "<group>";
		};
/* End PBXGroup section */

/* Begin PBXNativeTarget section */
		393EEB4F1ECBE64D0058D983 /* testPod */ = {
			isa = PBXNativeTarget;
			buildConfigurationList = 393EEB671ECBE64D0058D983 /* Build configuration list for PBXNativeTarget "testPod" */;
			buildPhases = (
				393EEB4C1ECBE64D0058D983 /* Sources */,
				393EEB4D1ECBE64D0058D983 /* Frameworks */,
				393EEB4E1ECBE64D0058D983 /* Resources */,
			);
			buildRules = (
			);
			dependencies = (
			);
			name = testPod;
			productName = testPod;
			productReference = 393EEB501ECBE64D0058D983 /* testPod.app */;
			productType = "com.apple.product-type.application";
		};
/* End PBXNativeTarget section */

/* Begin PBXProject section */
		393EEB481ECBE64D0058D983 /* Project object */ = {
			isa = PBXProject;
			attributes = {
				LastUpgradeCheck = 0820;
				ORGANIZATIONNAME = fadada;
				TargetAttributes = {
					393EEB4F1ECBE64D0058D983 = {
						CreatedOnToolsVersion = 8.2.1;
						DevelopmentTeam = SF42KX84XY;
						ProvisioningStyle = Automatic;
					};
				};
			};
			buildConfigurationList = 393EEB4B1ECBE64D0058D983 /* Build configuration list for PBXProject "testPod" */;
			compatibilityVersion = "Xcode 3.2";
			developmentRegion = English;
			hasScannedForEncodings = 0;
			knownRegions = (
				en,
				Base,
			);
			mainGroup = 393EEB471ECBE64D0058D983;
			productRefGroup = 393EEB511ECBE64D0058D983 /* Products */;
			projectDirPath = "";
			projectRoot = "";
			targets = (
				393EEB4F1ECBE64D0058D983 /* testPod */,
			);
		};
/* End PBXProject section */

/* Begin PBXResourcesBuildPhase section */
		393EEB4E1ECBE64D0058D983 /* Resources */ = {
			isa = PBXResourcesBuildPhase;
			buildActionMask = 2147483647;
			files = (
				393EEB631ECBE64D0058D983 /* LaunchScreen.storyboard in Resources */,
				393EEB601ECBE64D0058D983 /* Assets.xcassets in Resources */,
				393EEB5E1ECBE64D0058D983 /* Main.storyboard in Resources */,
			);
			runOnlyForDeploymentPostprocessing = 0;
		};
/* End PBXResourcesBuildPhase section */

/* Begin PBXSourcesBuildPhase section */
		393EEB4C1ECBE64D0058D983 /* Sources */ = {
			isa = PBXSourcesBuildPhase;
			buildActionMask = 2147483647;
			files = (
				393EEB5B1ECBE64D0058D983 /* ViewController.m in Sources */,
				39B9F1251ECBE8E000D41A45 /* FDDView.m in Sources */,
				393EEB581ECBE64D0058D983 /* AppDelegate.m in Sources */,
				393EEB551ECBE64D0058D983 /* main.m in Sources */,
			);
			runOnlyForDeploymentPostprocessing = 0;
		};
/* End PBXSourcesBuildPhase section */

/* Begin PBXVariantGroup section */
		393EEB5C1ECBE64D0058D983 /* Main.storyboard */ = {
			isa = PBXVariantGroup;
			children = (
				393EEB5D1ECBE64D0058D983 /* Base */,
			);
			name = Main.storyboard;
			sourceTree = "<group>";
		};
		393EEB611ECBE64D0058D983 /* LaunchScreen.storyboard */ = {
			isa = PBXVariantGroup;
			children = (
				393EEB621ECBE64D0058D983 /* Base */,
			);
			name = LaunchScreen.storyboard;
			sourceTree = "<group>";
		};
/* End PBXVariantGroup section */

/* Begin XCBuildConfiguration section */
		393EEB651ECBE64D0058D983 /* Debug */ = {
			isa = XCBuildConfiguration;
			buildSettings = {
				ALWAYS_SEARCH_USER_PATHS = NO;
				CLANG_ANALYZER_NONNULL = YES;
				CLANG_CXX_LANGUAGE_STANDARD = "gnu++0x";
				CLANG_CXX_LIBRARY = "libc++";
				CLANG_ENABLE_MODULES = YES;
				CLANG_ENABLE_OBJC_ARC = YES;
				CLANG_WARN_BOOL_CONVERSION = YES;
				CLANG_WARN_CONSTANT_CONVERSION = YES;
				CLANG_WARN_DIRECT_OBJC_ISA_USAGE = YES_ERROR;
				CLANG_WARN_DOCUMENTATION_COMMENTS = YES;
				CLANG_WARN_EMPTY_BODY = YES;
				CLANG_WARN_ENUM_CONVERSION = YES;
				CLANG_WARN_INFINITE_RECURSION = YES;
				CLANG_WARN_INT_CONVERSION = YES;
				CLANG_WARN_OBJC_ROOT_CLASS = YES_ERROR;
				CLANG_WARN_SUSPICIOUS_MOVE = YES;
				CLANG_WARN_UNREACHABLE_CODE = YES;
				CLANG_WARN__DUPLICATE_METHOD_MATCH = YES;
				"CODE_SIGN_IDENTITY[sdk=iphoneos*]" = "iPhone Developer";
				COPY_PHASE_STRIP = NO;
				DEBUG_INFORMATION_FORMAT = dwarf;
				ENABLE_STRICT_OBJC_MSGSEND = YES;
				ENABLE_TESTABILITY = YES;
				GCC_C_LANGUAGE_STANDARD = gnu99;
				GCC_DYNAMIC_NO_PIC = NO;
				GCC_NO_COMMON_BLOCKS = YES;
				GCC_OPTIMIZATION_LEVEL = 0;
				GCC_PREPROCESSOR_DEFINITIONS = (
					"DEBUG=1",
					"$(inherited)",
				);
				GCC_WARN_64_TO_32_BIT_CONVERSION = YES;
				GCC_WARN_ABOUT_RETURN_TYPE = YES_ERROR;
				GCC_WARN_UNDECLARED_SELECTOR = YES;
				GCC_WARN_UNINITIALIZED_AUTOS = YES_AGGRESSIVE;
				GCC_WARN_UNUSED_FUNCTION = YES;
				GCC_WARN_UNUSED_VARIABLE = YES;
				IPHONEOS_DEPLOYMENT_TARGET = 10.2;
				MTL_ENABLE_DEBUG_INFO = YES;
				ONLY_ACTIVE_ARCH = YES;
				SDKROOT = iphoneos;
			};
			name = Debug;
		};
		393EEB661ECBE64D0058D983 /* Release */ = {
			isa = XCBuildConfiguration;
			buildSettings = {
				ALWAYS_SEARCH_USER_PATHS = NO;
				CLANG_ANALYZER_NONNULL = YES;
				CLANG_CXX_LANGUAGE_STANDARD = "gnu++0x";
				CLANG_CXX_LIBRARY = "libc++";
				CLANG_ENABLE_MODULES = YES;
				CLANG_ENABLE_OBJC_ARC = YES;
				CLANG_WARN_BOOL_CONVERSION = YES;
				CLANG_WARN_CONSTANT_CONVERSION = YES;
				CLANG_WARN_DIRECT_OBJC_ISA_USAGE = YES_ERROR;
				CLANG_WARN_DOCUMENTATION_COMMENTS = YES;
				CLANG_WARN_EMPTY_BODY = YES;
				CLANG_WARN_ENUM_CONVERSION = YES;
				CLANG_WARN_INFINITE_RECURSION = YES;
				CLANG_WARN_INT_CONVERSION = YES;
				CLANG_WARN_OBJC_ROOT_CLASS = YES_ERROR;
				CLANG_WARN_SUSPICIOUS_MOVE = YES;
				CLANG_WARN_UNREACHABLE_CODE = YES;
				CLANG_WARN__DUPLICATE_METHOD_MATCH = YES;
				"CODE_SIGN_IDENTITY[sdk=iphoneos*]" = "iPhone Developer";
				COPY_PHASE_STRIP = NO;
				DEBUG_INFORMATION_FORMAT = "dwarf-with-dsym";
				ENABLE_NS_ASSERTIONS = NO;
				ENABLE_STRICT_OBJC_MSGSEND = YES;
				GCC_C_LANGUAGE_STANDARD = gnu99;
				GCC_NO_COMMON_BLOCKS = YES;
				GCC_WARN_64_TO_32_BIT_CONVERSION = YES;
				GCC_WARN_ABOUT_RETURN_TYPE = YES_ERROR;
				GCC_WARN_UNDECLARED_SELECTOR = YES;
				GCC_WARN_UNINITIALIZED_AUTOS = YES_AGGRESSIVE;
				GCC_WARN_UNUSED_FUNCTION = YES;
				GCC_WARN_UNUSED_VARIABLE = YES;
				IPHONEOS_DEPLOYMENT_TARGET = 10.2;
				MTL_ENABLE_DEBUG_INFO = NO;
				SDKROOT = iphoneos;
				VALIDATE_PRODUCT = YES;
			};
			name = Release;
		};
		393EEB681ECBE64D0058D983 /* Debug */ = {
			isa = XCBuildConfiguration;
			buildSettings = {
				ASSETCATALOG_COMPILER_APPICON_NAME = AppIcon;
				DEVELOPMENT_TEAM = SF42KX84XY;
				INFOPLIST_FILE = testPod/Info.plist;
				LD_RUNPATH_SEARCH_PATHS = "$(inherited) @executable_path/Frameworks";
				PRODUCT_BUNDLE_IDENTIFIER = com.fadada.testPod;
				PRODUCT_NAME = "$(TARGET_NAME)";
			};
			name = Debug;
		};
		393EEB691ECBE64D0058D983 /* Release */ = {
			isa = XCBuildConfiguration;
			buildSettings = {
				ASSETCATALOG_COMPILER_APPICON_NAME = AppIcon;
				DEVELOPMENT_TEAM = SF42KX84XY;
				INFOPLIST_FILE = testPod/Info.plist;
				LD_RUNPATH_SEARCH_PATHS = "$(inherited) @executable_path/Frameworks";
				PRODUCT_BUNDLE_IDENTIFIER = com.fadada.testPod;
				PRODUCT_NAME = "$(TARGET_NAME)";
			};
			name = Release;
		};
/* End XCBuildConfiguration section */

/* Begin XCConfigurationList section */
		393EEB4B1ECBE64D0058D983 /* Build configuration list for PBXProject "testPod" */ = {
			isa = XCConfigurationList;
			buildConfigurations = (
				393EEB651ECBE64D0058D983 /* Debug */,
				393EEB661ECBE64D0058D983 /* Release */,
			);
			defaultConfigurationIsVisible = 0;
			defaultConfigurationName = Release;
		};
		393EEB671ECBE64D0058D983 /* Build configuration list for PBXNativeTarget "testPod" */ = {
			isa = XCConfigurationList;
			buildConfigurations = (
				393EEB681ECBE64D0058D983 /* Debug */,
				393EEB691ECBE64D0058D983 /* Release */,
			);
			defaultConfigurationIsVisible = 0;
			defaultConfigurationName = Release;
		};
/* End XCConfigurationList section */
	};
	rootObject = 393EEB481ECBE64D0058D983 /* Project object */;
}
